
Microsoft Visual Studio Solution File, Format Version 12.00
# Visual Studio Version 16
VisualStudioVersion = 16.0.29613.14
MinimumVisualStudioVersion = 10.0.40219.1
Project("{9A19103F-16F7-4668-BE54-9A1E7A4F7556}") = "CountyRP.DAO", "CountyRP.Entities\CountyRP.DAO.csproj", "{FBB26CD6-6C1B-4869-8F0E-BC34F5A2EC17}"
EndProject
Project("{9A19103F-16F7-4668-BE54-9A1E7A4F7556}") = "CountyRP.WebAPI", "CountyRP.WebAPI\CountyRP.WebAPI.csproj", "{875B62BA-7A40-42C6-8154-FA0063F72902}"
EndProject
Project("{9A19103F-16F7-4668-BE54-9A1E7A4F7556}") = "CountyRP.WebSite", "CountyRP.WebSite\CountyRP.WebSite.csproj", "{EAF85419-7FBF-44B8-A5CF-5800D76DE1A3}"
EndProject
Project("{9A19103F-16F7-4668-BE54-9A1E7A4F7556}") = "CountyRP.Models", "CountyRP.Models\CountyRP.Models.csproj", "{381C2764-4F4C-482F-95C1-7158BCAF0B5F}"
EndProject
Project("{2150E333-8FDC-42A3-9474-1A3956D46DE8}") = "Forum", "Forum", "{098D823D-B802-4C42-B8D1-A8CC3796B805}"
EndProject
Project("{9A19103F-16F7-4668-BE54-9A1E7A4F7556}") = "CountyRP.Forum.WebAPI", "Forum\CountyRP.Forum.WebAPI\CountyRP.Forum.WebAPI.csproj", "{1B25999C-54C4-40ED-B10A-FFA55FF3A1D5}"
EndProject
Project("{9A19103F-16F7-4668-BE54-9A1E7A4F7556}") = "CountyRP.Forum.Domain", "Forum\CountyRP.Forum.Domain\CountyRP.Forum.Domain.csproj", "{B9A3D2B2-9606-4CD9-9103-B26518C675EC}"
EndProject
Project("{E53339B2-1760-4266-BCC7-CA923CBCF16C}") = "docker-compose", "docker-compose.dcproj", "{C73EE339-758F-4519-956C-217BCADA2B1F}"
EndProject
Project("{FAE04EC0-301F-11D3-BF4B-00C04F79EFBC}") = "CountyRP.Forum.Infrastructure", "Forum\CountyRP.Forum.Infrastructure\CountyRP.Forum.Infrastructure.csproj", "{1F656507-DE3D-4CB1-BCD5-E923E1633D00}"
EndProject
Global
	GlobalSection(SolutionConfigurationPlatforms) = preSolution
		Debug|Any CPU = Debug|Any CPU
		Release|Any CPU = Release|Any CPU
	EndGlobalSection
	GlobalSection(ProjectConfigurationPlatforms) = postSolution
		{FBB26CD6-6C1B-4869-8F0E-BC34F5A2EC17}.Debug|Any CPU.ActiveCfg = Debug|Any CPU
		{FBB26CD6-6C1B-4869-8F0E-BC34F5A2EC17}.Debug|Any CPU.Build.0 = Debug|Any CPU
		{FBB26CD6-6C1B-4869-8F0E-BC34F5A2EC17}.Release|Any CPU.ActiveCfg = Release|Any CPU
		{FBB26CD6-6C1B-4869-8F0E-BC34F5A2EC17}.Release|Any CPU.Build.0 = Release|Any CPU
		{875B62BA-7A40-42C6-8154-FA0063F72902}.Debug|Any CPU.ActiveCfg = Debug|Any CPU
		{875B62BA-7A40-42C6-8154-FA0063F72902}.Debug|Any CPU.Build.0 = Debug|Any CPU
		{875B62BA-7A40-42C6-8154-FA0063F72902}.Release|Any CPU.ActiveCfg = Release|Any CPU
		{875B62BA-7A40-42C6-8154-FA0063F72902}.Release|Any CPU.Build.0 = Release|Any CPU
		{EAF85419-7FBF-44B8-A5CF-5800D76DE1A3}.Debug|Any CPU.ActiveCfg = Debug|Any CPU
		{EAF85419-7FBF-44B8-A5CF-5800D76DE1A3}.Debug|Any CPU.Build.0 = Debug|Any CPU
		{EAF85419-7FBF-44B8-A5CF-5800D76DE1A3}.Release|Any CPU.ActiveCfg = Release|Any CPU
		{EAF85419-7FBF-44B8-A5CF-5800D76DE1A3}.Release|Any CPU.Build.0 = Release|Any CPU
		{381C2764-4F4C-482F-95C1-7158BCAF0B5F}.Debug|Any CPU.ActiveCfg = Debug|Any CPU
		{381C2764-4F4C-482F-95C1-7158BCAF0B5F}.Debug|Any CPU.Build.0 = Debug|Any CPU
		{381C2764-4F4C-482F-95C1-7158BCAF0B5F}.Release|Any CPU.ActiveCfg = Release|Any CPU
		{381C2764-4F4C-482F-95C1-7158BCAF0B5F}.Release|Any CPU.Build.0 = Release|Any CPU
		{1B25999C-54C4-40ED-B10A-FFA55FF3A1D5}.Debug|Any CPU.ActiveCfg = Debug|Any CPU
		{1B25999C-54C4-40ED-B10A-FFA55FF3A1D5}.Debug|Any CPU.Build.0 = Debug|Any CPU
		{1B25999C-54C4-40ED-B10A-FFA55FF3A1D5}.Release|Any CPU.ActiveCfg = Release|Any CPU
		{1B25999C-54C4-40ED-B10A-FFA55FF3A1D5}.Release|Any CPU.Build.0 = Release|Any CPU
		{B9A3D2B2-9606-4CD9-9103-B26518C675EC}.Debug|Any CPU.ActiveCfg = Debug|Any CPU
		{B9A3D2B2-9606-4CD9-9103-B26518C675EC}.Debug|Any CPU.Build.0 = Debug|Any CPU
		{B9A3D2B2-9606-4CD9-9103-B26518C675EC}.Release|Any CPU.ActiveCfg = Release|Any CPU
		{B9A3D2B2-9606-4CD9-9103-B26518C675EC}.Release|Any CPU.Build.0 = Release|Any CPU
		{C73EE339-758F-4519-956C-217BCADA2B1F}.Debug|Any CPU.ActiveCfg = Debug|Any CPU
		{C73EE339-758F-4519-956C-217BCADA2B1F}.Debug|Any CPU.Build.0 = Debug|Any CPU
		{C73EE339-758F-4519-956C-217BCADA2B1F}.Release|Any CPU.ActiveCfg = Release|Any CPU
		{C73EE339-758F-4519-956C-217BCADA2B1F}.Release|Any CPU.Build.0 = Release|Any CPU
		{1F656507-DE3D-4CB1-BCD5-E923E1633D00}.Debug|Any CPU.ActiveCfg = Debug|Any CPU
		{1F656507-DE3D-4CB1-BCD5-E923E1633D00}.Debug|Any CPU.Build.0 = Debug|Any CPU
		{1F656507-DE3D-4CB1-BCD5-E923E1633D00}.Release|Any CPU.ActiveCfg = Release|Any CPU
		{1F656507-DE3D-4CB1-BCD5-E923E1633D00}.Release|Any CPU.Build.0 = Release|Any CPU
	EndGlobalSection
	GlobalSection(SolutionProperties) = preSolution
		HideSolutionNode = FALSE
	EndGlobalSection
	GlobalSection(NestedProjects) = preSolution
		{1B25999C-54C4-40ED-B10A-FFA55FF3A1D5} = {098D823D-B802-4C42-B8D1-A8CC3796B805}
		{B9A3D2B2-9606-4CD9-9103-B26518C675EC} = {098D823D-B802-4C42-B8D1-A8CC3796B805}
		{1F656507-DE3D-4CB1-BCD5-E923E1633D00} = {098D823D-B802-4C42-B8D1-A8CC3796B805}
	EndGlobalSection
	GlobalSection(ExtensibilityGlobals) = postSolution
		SolutionGuid = {E26ED3B6-A3EB-4EFD-B598-98B535ACF636}
	EndGlobalSection
EndGlobal
